
Microsoft Visual Studio Solution File, Format Version 12.00
# Visual Studio 15
VisualStudioVersion = 15.0.27130.2024
MinimumVisualStudioVersion = 10.0.40219.1
Project("{FAE04EC0-301F-11D3-BF4B-00C04F79EFBC}") = "Tamagoshi", "Tamagoshi\Tamagoshi.csproj", "{3593CAA8-7082-40B0-B5F3-BC0DDE8EF606}"
EndProject
Global
	GlobalSection(SolutionConfigurationPlatforms) = preSolution
		Debug|Any CPU = Debug|Any CPU
		Release|Any CPU = Release|Any CPU
	EndGlobalSection
	GlobalSection(ProjectConfigurationPlatforms) = postSolution
		{3593CAA8-7082-40B0-B5F3-BC0DDE8EF606}.Debug|Any CPU.ActiveCfg = Debug|Any CPU
		{3593CAA8-7082-40B0-B5F3-BC0DDE8EF606}.Debug|Any CPU.Build.0 = Debug|Any CPU
		{3593CAA8-7082-40B0-B5F3-BC0DDE8EF606}.Debug|Any CPU.Deploy.0 = Debug|Any CPU
		{3593CAA8-7082-40B0-B5F3-BC0DDE8EF606}.Release|Any CPU.ActiveCfg = Release|Any CPU
		{3593CAA8-7082-40B0-B5F3-BC0DDE8EF606}.Release|Any CPU.Build.0 = Release|Any CPU
		{3593CAA8-7082-40B0-B5F3-BC0DDE8EF606}.Release|Any CPU.Deploy.0 = Release|Any CPU
	EndGlobalSection
	GlobalSection(SolutionProperties) = preSolution
		HideSolutionNode = FALSE
	EndGlobalSection
	GlobalSection(ExtensibilityGlobals) = postSolution
		SolutionGuid = {D99F2812-595C-4593-9F1B-24C44248E1E8}
	EndGlobalSection
EndGlobal
